
Microsoft Visual Studio Solution File, Format Version 12.00
# Visual Studio 15
VisualStudioVersion = 15.0.28307.168
MinimumVisualStudioVersion = 10.0.40219.1
Project("{FAE04EC0-301F-11D3-BF4B-00C04F79EFBC}") = "ThreeDee", "ThreeDee\ThreeDee.csproj", "{FBE05508-345C-4141-9E06-2785F9B56825}"
EndProject
Project("{2150E333-8FDC-42A3-9474-1A3956D46DE8}") = "git items", "git items", "{30E0865D-D0AA-4440-AB92-502D035C0575}"
	ProjectSection(SolutionItems) = preProject
		.gitattributes = .gitattributes
		.gitignore = .gitignore
	EndProjectSection
EndProject
Global
	GlobalSection(SolutionConfigurationPlatforms) = preSolution
		Debug|Any CPU = Debug|Any CPU
		Release|Any CPU = Release|Any CPU
	EndGlobalSection
	GlobalSection(ProjectConfigurationPlatforms) = postSolution
		{FBE05508-345C-4141-9E06-2785F9B56825}.Debug|Any CPU.ActiveCfg = Debug|Any CPU
		{FBE05508-345C-4141-9E06-2785F9B56825}.Debug|Any CPU.Build.0 = Debug|Any CPU
		{FBE05508-345C-4141-9E06-2785F9B56825}.Release|Any CPU.ActiveCfg = Release|Any CPU
		{FBE05508-345C-4141-9E06-2785F9B56825}.Release|Any CPU.Build.0 = Release|Any CPU
	EndGlobalSection
	GlobalSection(SolutionProperties) = preSolution
		HideSolutionNode = FALSE
	EndGlobalSection
	GlobalSection(ExtensibilityGlobals) = postSolution
		SolutionGuid = {70694C3D-E742-43FB-90AD-E9D590B1B226}
	EndGlobalSection
EndGlobal
